{
    "_readme": [
        "This file locks the dependencies of your project to a known state",
        "Read more about it at https://getcomposer.org/doc/01-basic-usage.md#installing-dependencies",
        "This file is @generated automatically"
    ],
    "content-hash": "d214073d31820f55baee924d1e6c04eb",
    "packages": [
        {
            "name": "kevinlebrun/colors.php",
            "version": "0.4.1",
            "source": {
                "type": "git",
                "url": "https://github.com/kevinlebrun/colors.php.git",
                "reference": "d132f36d06e48ea080855af19b4bcb1fb615224a"
            },
            "dist": {
                "type": "zip",
                "url": "https://api.github.com/repos/kevinlebrun/colors.php/zipball/d132f36d06e48ea080855af19b4bcb1fb615224a",
                "reference": "d132f36d06e48ea080855af19b4bcb1fb615224a",
                "shasum": "",
                "mirrors": [
                    {
                        "url": "https://mirrors.aliyun.com/composer/dists/%package%/%reference%.%type%",
                        "preferred": true
                    }
                ]
            },
            "require": {
                "php": ">=5.3.0"
            },
            "require-dev": {
                "phpunit/phpunit": "3.7.*",
                "satooshi/php-coveralls": "dev-master",
                "squizlabs/php_codesniffer": "1.*"
            },
            "type": "library",
            "autoload": {
                "psr-0": {
                    "Colors": "src/"
                }
            },
            "notification-url": "https://packagist.org/downloads/",
            "license": [
                "MIT"
            ],
            "authors": [
                {
                    "name": "Kevin Le Brun",
                    "email": "lebrun.k@gmail.com",
                    "homepage": "http://kevinlebrun.fr",
                    "role": "developer"
                }
            ],
            "description": "Colors for PHP CLI scripts",
            "homepage": "https://github.com/kevinlebrun/colors.php",
            "keywords": [
                "cli",
                "color",
                "colors",
                "console",
                "shell"
            ],
            "support": {
                "issues": "https://github.com/kevinlebrun/colors.php/issues",
                "source": "https://github.com/kevinlebrun/colors.php/tree/0.4.1"
            },
            "time": "2014-12-23T01:23:37+00:00"
        },
        {
            "name": "mustache/mustache",
            "version": "dev-main",
            "source": {
                "type": "git",
                "url": "https://github.com/bobthecow/mustache.php.git",
                "reference": "e6256ea0d7f1e947ed24b22965df8c0452792c90"
            },
            "dist": {
                "type": "zip",
                "url": "https://api.github.com/repos/bobthecow/mustache.php/zipball/e6256ea0d7f1e947ed24b22965df8c0452792c90",
                "reference": "e6256ea0d7f1e947ed24b22965df8c0452792c90",
                "shasum": "",
                "mirrors": [
                    {
                        "url": "https://mirrors.aliyun.com/composer/dists/%package%/%reference%.%type%",
                        "preferred": true
                    }
                ]
            },
            "require": {
                "php": ">=5.2.4"
            },
            "require-dev": {
                "friendsofphp/php-cs-fixer": "~1.11",
                "phpunit/phpunit": "~3.7|~4.0|~5.0"
            },
            "default-branch": true,
            "type": "library",
            "autoload": {
                "psr-0": {
                    "Mustache": "src/"
                }
            },
            "notification-url": "https://packagist.org/downloads/",
            "license": [
                "MIT"
            ],
            "authors": [
                {
                    "name": "Justin Hileman",
                    "email": "justin@justinhileman.info",
                    "homepage": "http://justinhileman.com"
                }
            ],
            "description": "A Mustache implementation in PHP.",
            "homepage": "https://github.com/bobthecow/mustache.php",
            "keywords": [
                "mustache",
                "templating"
            ],
            "support": {
                "issues": "https://github.com/bobthecow/mustache.php/issues",
                "source": "https://github.com/bobthecow/mustache.php/tree/main"
            },
            "time": "2022-08-09T18:19:28+00:00"
        },
        {
            "name": "nategood/commando",
            "version": "dev-master",
            "source": {
                "type": "git",
                "url": "https://github.com/nategood/commando.git",
                "reference": "8fedd49fcb694faf60d87d5c2c4defdffa298fa0"
            },
            "dist": {
                "type": "zip",
                "url": "https://api.github.com/repos/nategood/commando/zipball/8fedd49fcb694faf60d87d5c2c4defdffa298fa0",
                "reference": "8fedd49fcb694faf60d87d5c2c4defdffa298fa0",
                "shasum": "",
                "mirrors": [
                    {
                        "url": "https://mirrors.aliyun.com/composer/dists/%package%/%reference%.%type%",
                        "preferred": true
                    }
                ]
            },
            "require": {
                "kevinlebrun/colors.php": "~0.2",
                "php": ">=5.6"
            },
            "default-branch": true,
            "type": "library",
            "autoload": {
                "psr-0": {
                    "Commando": "src/"
                }
            },
            "notification-url": "https://packagist.org/downloads/",
            "license": [
                "MIT"
            ],
            "authors": [
                {
                    "name": "Nate Good",
                    "email": "me@nategood.com"
                }
            ],
            "description": "PHP CLI Commando Style",
            "homepage": "http://github.com/nategood/commando",
            "keywords": [
                "automation",
                "cli",
                "command",
                "command line",
                "command line interface",
                "scripting"
            ],
            "support": {
                "issues": "https://github.com/nategood/commando/issues",
                "source": "https://github.com/nategood/commando/tree/v0.4.0"
            },
            "time": "2019-07-10T02:37:11+00:00"
        }
    ],
    "packages-dev": [],
    "aliases": [],
    "minimum-stability": "dev",
    "stability-flags": {
        "nategood/commando": 20,
        "mustache/mustache": 20
    },
    "prefer-stable": false,
    "prefer-lowest": false,
    "platform": {
        "php": ">= 7.4.3"
    },
    "platform-dev": [],
    "plugin-api-version": "2.3.0"
}
